<?xml version="1.0" encoding="utf-8"?>
<Project ToolsVersion="4.0" xmlns="http://schemas.microsoft.com/developer/msbuild/2003">
  <ItemGroup>
    <ClCompile Include="main.cpp" />
    <ClCompile Include="Audio.cpp">
      <Filter>src</Filter>
    </ClCompile>
    <ClCompile Include="AudioEngine.cpp">
      <Filter>src</Filter>
    </ClCompile>
    <ClCompile Include="AudioError.cpp">
      <Filter>src</Filter>
    </ClCompile>
    <ClCompile Include="..\lib\imgui\src\imgui.cpp">
      <Filter>src\imgui</Filter>
    </ClCompile>
    <ClCompile Include="..\lib\imgui\src\imgui_demo.cpp">
      <Filter>src\imgui</Filter>
    </ClCompile>
    <ClCompile Include="..\lib\imgui\src\imgui_draw.cpp">
      <Filter>src\imgui</Filter>
    </ClCompile>
    <ClCompile Include="..\lib\imgui\src\imgui_impl_win32.cpp">
      <Filter>src\imgui</Filter>
    </ClCompile>
    <ClCompile Include="..\lib\imgui\src\imgui_stdlib.cpp">
      <Filter>src\imgui</Filter>
    </ClCompile>
    <ClCompile Include="..\lib\imgui\src\imgui_tables.cpp">
      <Filter>src\imgui</Filter>
    </ClCompile>
    <ClCompile Include="..\lib\imgui\src\imgui_widgets.cpp">
      <Filter>src\imgui</Filter>
    </ClCompile>
  </ItemGroup>
  <ItemGroup>
    <Filter Include="inc">
      <UniqueIdentifier>{15c500ae-3ba8-47df-aa3e-606aea23ee92}</UniqueIdentifier>
    </Filter>
    <Filter Include="src">
      <UniqueIdentifier>{9bf3faac-90ff-4adc-a7e5-0047c0514468}</UniqueIdentifier>
    </Filter>
    <Filter Include="src\imgui">
      <UniqueIdentifier>{39cf666f-1aca-4242-abc7-8e242c46bbbc}</UniqueIdentifier>
    </Filter>
  </ItemGroup>
  <ItemGroup>
    <ClInclude Include="Audio.h">
      <Filter>inc</Filter>
    </ClInclude>
    <ClInclude Include="AudioEngine.h">
      <Filter>inc</Filter>
    </ClInclude>
    <ClInclude Include="AudioError.h">
      <Filter>inc</Filter>
    </ClInclude>
  </ItemGroup>
  <ItemGroup>
    <None Include="mainpage.cpp" />
    <None Include="..\lib\imgui\imgui.natstepfilter">
      <Filter>src\imgui</Filter>
    </None>
  </ItemGroup>
  <ItemGroup>
    <Natvis Include="..\lib\imgui\imgui.natvis">
      <Filter>src\imgui</Filter>
    </Natvis>
  </ItemGroup>
</Project>